
Microsoft Visual Studio Solution File, Format Version 12.00
# Visual Studio Version 17
VisualStudioVersion = 17.5.002.0
MinimumVisualStudioVersion = 10.0.40219.1
Project("{9A19103F-16F7-4668-BE54-9A1E7A4F7556}") = "Raio-e-Trovao", "Raio-e-Trovao.csproj", "{4E01E5E7-DB74-4180-B88F-72CDFF571CCD}"
EndProject
Global
	GlobalSection(SolutionConfigurationPlatforms) = preSolution
		Debug|Any CPU = Debug|Any CPU
		Release|Any CPU = Release|Any CPU
	EndGlobalSection
	GlobalSection(ProjectConfigurationPlatforms) = postSolution
		{4E01E5E7-DB74-4180-B88F-72CDFF571CCD}.Debug|Any CPU.ActiveCfg = Debug|Any CPU
		{4E01E5E7-DB74-4180-B88F-72CDFF571CCD}.Debug|Any CPU.Build.0 = Debug|Any CPU
		{4E01E5E7-DB74-4180-B88F-72CDFF571CCD}.Release|Any CPU.ActiveCfg = Release|Any CPU
		{4E01E5E7-DB74-4180-B88F-72CDFF571CCD}.Release|Any CPU.Build.0 = Release|Any CPU
	EndGlobalSection
	GlobalSection(SolutionProperties) = preSolution
		HideSolutionNode = FALSE
	EndGlobalSection
	GlobalSection(ExtensibilityGlobals) = postSolution
		SolutionGuid = {5EC7777B-3F59-470D-8C51-7F68AB7325BB}
	EndGlobalSection
EndGlobal
